
Microsoft Visual Studio Solution File, Format Version 12.00
# Visual Studio Version 16
VisualStudioVersion = 16.0.30611.23
MinimumVisualStudioVersion = 10.0.40219.1
Project("{FAE04EC0-301F-11D3-BF4B-00C04F79EFBC}") = "Mark_Attendance_UI", "Mark_Attendance_UI\Mark_Attendance_UI.csproj", "{DC708FE2-6A47-498F-8A5D-62DDF3DB13E1}"
EndProject
Global
	GlobalSection(SolutionConfigurationPlatforms) = preSolution
		Debug|Any CPU = Debug|Any CPU
		Release|Any CPU = Release|Any CPU
	EndGlobalSection
	GlobalSection(ProjectConfigurationPlatforms) = postSolution
		{DC708FE2-6A47-498F-8A5D-62DDF3DB13E1}.Debug|Any CPU.ActiveCfg = Release|Any CPU
		{DC708FE2-6A47-498F-8A5D-62DDF3DB13E1}.Debug|Any CPU.Build.0 = Release|Any CPU
		{DC708FE2-6A47-498F-8A5D-62DDF3DB13E1}.Release|Any CPU.ActiveCfg = Release|Any CPU
		{DC708FE2-6A47-498F-8A5D-62DDF3DB13E1}.Release|Any CPU.Build.0 = Release|Any CPU
	EndGlobalSection
	GlobalSection(SolutionProperties) = preSolution
		HideSolutionNode = FALSE
	EndGlobalSection
	GlobalSection(ExtensibilityGlobals) = postSolution
		SolutionGuid = {05DDF252-4295-44FE-A1DB-8ACC7694DB68}
	EndGlobalSection
EndGlobal
